
Microsoft Visual Studio Solution File, Format Version 12.00
# Visual Studio Version 17
VisualStudioVersion = 17.0.31912.275
MinimumVisualStudioVersion = 10.0.40219.1
Project("{8BC9CEB8-8B4A-11D0-8D11-00A0C91BC942}") = "WarstlerC_CSCE2004_Project7", "WarstlerC_CSCE2004_Project7.vcxproj", "{ACA1516E-83DC-48B0-958E-1717D1A48FB3}"
EndProject
Global
	GlobalSection(SolutionConfigurationPlatforms) = preSolution
		Debug|x64 = Debug|x64
		Debug|x86 = Debug|x86
		Release|x64 = Release|x64
		Release|x86 = Release|x86
	EndGlobalSection
	GlobalSection(ProjectConfigurationPlatforms) = postSolution
		{ACA1516E-83DC-48B0-958E-1717D1A48FB3}.Debug|x64.ActiveCfg = Debug|x64
		{ACA1516E-83DC-48B0-958E-1717D1A48FB3}.Debug|x64.Build.0 = Debug|x64
		{ACA1516E-83DC-48B0-958E-1717D1A48FB3}.Debug|x86.ActiveCfg = Debug|Win32
		{ACA1516E-83DC-48B0-958E-1717D1A48FB3}.Debug|x86.Build.0 = Debug|Win32
		{ACA1516E-83DC-48B0-958E-1717D1A48FB3}.Release|x64.ActiveCfg = Release|x64
		{ACA1516E-83DC-48B0-958E-1717D1A48FB3}.Release|x64.Build.0 = Release|x64
		{ACA1516E-83DC-48B0-958E-1717D1A48FB3}.Release|x86.ActiveCfg = Release|Win32
		{ACA1516E-83DC-48B0-958E-1717D1A48FB3}.Release|x86.Build.0 = Release|Win32
	EndGlobalSection
	GlobalSection(SolutionProperties) = preSolution
		HideSolutionNode = FALSE
	EndGlobalSection
	GlobalSection(ExtensibilityGlobals) = postSolution
		SolutionGuid = {771B29F2-7CA8-4F06-A773-A1ECD98F6AE8}
	EndGlobalSection
EndGlobal
